{
  "name": "study-mycli-dev",
  "version": "1.0.0",
  "lockfileVersion": 2,
  "requires": true,
  "packages": {
    "": {
      "name": "study-mycli-dev",
      "version": "1.0.0",
      "license": "ISC",
      "workspaces": [
        "packages/*"
      ]
    },
    "node_modules/@study-mycli-dev/core": {
      "resolved": "packages/core",
      "link": true
    },
    "node_modules/@study-mycli-dev/utils": {
      "resolved": "packages/utils",
      "link": true
    },
    "packages/core": {
      "name": "@study-mycli-dev/core",
      "version": "0.0.1",
      "license": "ISC",
      "dependencies": {
        "@study-mycli-dev/utils": "^0.0.1"
      }
    },
    "packages/utils": {
      "name": "@study-mycli-dev/utils",
      "version": "0.0.1",
      "license": "ISC"
    }
  },
  "dependencies": {
    "@study-mycli-dev/core": {
      "version": "file:packages/core",
      "requires": {
        "@study-mycli-dev/utils": "^0.0.1"
      }
    },
    "@study-mycli-dev/utils": {
      "version": "file:packages/utils"
    }
  }
}
