{
  "name": "study-mycli-dev",
  "version": "1.0.0",
  "lockfileVersion": 2,
  "requires": true,
  "packages": {
    "": {
      "name": "study-mycli-dev",
      "version": "1.0.0",
      "license": "ISC",
      "workspaces": [
        "packages/*"
      ]
    },
    "node_modules/@study-mycli-dev/core": {
      "resolved": "packages/core",
      "link": true
    },
    "node_modules/@study-mycli-dev/utils": {
      "resolved": "packages/utils",
      "link": true
    },
    "node_modules/hammerjs": {
      "version": "2.0.8",
      "resolved": "https://registry.npmmirror.com/hammerjs/-/hammerjs-2.0.8.tgz",
      "integrity": "sha512-tSQXBXS/MWQOn/RKckawJ61vvsDpCom87JgxiYdGwHdOa0ht0vzUWDlfioofFCRU0L+6NGDt6XzbgoJvZkMeRQ==",
      "engines": {
        "node": ">=0.8.0"
      }
    },
    "packages/core": {
      "name": "@study-mycli-dev/core",
      "version": "0.0.6",
      "license": "ISC",
      "dependencies": {
        "@study-mycli-dev/utils": "^0.0.6"
      }
    },
    "packages/utils": {
      "name": "@study-mycli-dev/utils",
      "version": "0.0.6",
      "license": "ISC",
      "dependencies": {
        "hammerjs": "^2.0.8"
      },
      "bin": {
        "study-mycli-dev": "bin/index.js"
      }
    }
  },
  "dependencies": {
    "@study-mycli-dev/core": {
      "version": "file:packages/core",
      "requires": {
        "@study-mycli-dev/utils": "^0.0.6"
      }
    },
    "@study-mycli-dev/utils": {
      "version": "file:packages/utils",
      "requires": {
        "hammerjs": "^2.0.8"
      }
    },
    "hammerjs": {
      "version": "2.0.8",
      "resolved": "https://registry.npmmirror.com/hammerjs/-/hammerjs-2.0.8.tgz",
      "integrity": "sha512-tSQXBXS/MWQOn/RKckawJ61vvsDpCom87JgxiYdGwHdOa0ht0vzUWDlfioofFCRU0L+6NGDt6XzbgoJvZkMeRQ=="
    }
  }
}
